// !$*UTF8*$!
{
	archiveVersion = 1;
	classes = {
	};
	objectVersion = 77;
	objects = {

/* Begin PBXBuildFile section */
		00137A9F89BDC48EBE9DC927 /* Assets.xcassets in Resources */ = {isa = PBXBuildFile; fileRef = DB4C0FB23F77AFC443876011 /* Assets.xcassets */; };
		0650D70379A6E945B693D897 /* TodayView.swift in Sources */ = {isa = PBXBuildFile; fileRef = 91FB284DA23487FF50AD7AFF /* TodayView.swift */; };
		0778280DE88787CCB974D010 /* StartTimerSheet.swift in Sources */ = {isa = PBXBuildFile; fileRef = E613D2E8B373B5C6EDBF0A4C /* StartTimerSheet.swift */; };
		08880CCE2F89200E1C723A26 /* PendingMaterializationsView.swift in Sources */ = {isa = PBXBuildFile; fileRef = AE12ED25B0CCD0F3FC46F7FD /* PendingMaterializationsView.swift */; };
		13F01DA09E8AAC832ACC171E /* TimelineScreen.swift in Sources */ = {isa = PBXBuildFile; fileRef = 0E47D1836002E521CEC4ABED /* TimelineScreen.swift */; };
		144AE35D12448F09749125F9 /* LaunchTaglineUITests.swift in Sources */ = {isa = PBXBuildFile; fileRef = 99E489F7B0F9B68D418ED560 /* LaunchTaglineUITests.swift */; };
		17683A63578279729D6FFD5D /* TimeBlockView.swift in Sources */ = {isa = PBXBuildFile; fileRef = DBB4F85B38816D91407DAFA7 /* TimeBlockView.swift */; };
		19A13F112D8EAFFECDE19C17 /* SettingsAboutUITests.swift in Sources */ = {isa = PBXBuildFile; fileRef = A9B9A55293CE419E21F6C2DE /* SettingsAboutUITests.swift */; };
		215B980EDB0C94CB3C43BDDE /* BillableCore in Frameworks */ = {isa = PBXBuildFile; productRef = 3267A35D1AD7CEA36846D498 /* BillableCore */; };
		220427E9DC4EDF77A52184D4 /* NotificationTapFlowUITests.swift in Sources */ = {isa = PBXBuildFile; fileRef = 591084DA183D854DBB380551 /* NotificationTapFlowUITests.swift */; };
		2692C3C033FE9ED0FC9435B6 /* CurrencyPickerView.swift in Sources */ = {isa = PBXBuildFile; fileRef = D72980328448F3925BF44ACB /* CurrencyPickerView.swift */; };
		2D0A1664F829479F98BCF429 /* BusinessProfileEditorView.swift in Sources */ = {isa = PBXBuildFile; fileRef = 1B2EF767AE53DA0B1D6D7CB4 /* BusinessProfileEditorView.swift */; };
		2E4E0201847ECA7967521565 /* TimerLiveActivity.swift in Sources */ = {isa = PBXBuildFile; fileRef = F1CF2FCD917839FB1C1B0961 /* TimerLiveActivity.swift */; };
		37C6C0308B1818FF8998144D /* RecurrenceEditorView.swift in Sources */ = {isa = PBXBuildFile; fileRef = 43745976E9C74DF7790C99F6 /* RecurrenceEditorView.swift */; };
		3D9972903CDABD429693066D /* RootView.swift in Sources */ = {isa = PBXBuildFile; fileRef = BD3AC7ABEFEA2F890535AE82 /* RootView.swift */; };
		4028699D4BB648227DDCE1A1 /* TodaySummaryWidget.swift in Sources */ = {isa = PBXBuildFile; fileRef = C1846D95B8BE348E4ACC1081 /* TodaySummaryWidget.swift */; };
		45F34A925B9B048BB38C04E4 /* ProjectEditorView.swift in Sources */ = {isa = PBXBuildFile; fileRef = 67186A12889E18CA99C96468 /* ProjectEditorView.swift */; };
		475BB31EACE4C8818AAA73EF /* CurrentTimerWidget.swift in Sources */ = {isa = PBXBuildFile; fileRef = C4E91171FBD2C8986707A0D7 /* CurrentTimerWidget.swift */; };
		49D52608F66166AA6374F027 /* PaymentRemindersView.swift in Sources */ = {isa = PBXBuildFile; fileRef = 784CFBF0D18A69982D67542A /* PaymentRemindersView.swift */; };
		4AE8C117F5731A8705359060 /* CatchUpBanner.swift in Sources */ = {isa = PBXBuildFile; fileRef = BBADB4F0E80F455CCAE9BBEB /* CatchUpBanner.swift */; };
		54B2A96BFF44D4D7560DFFCE /* InvoicePreviewView.swift in Sources */ = {isa = PBXBuildFile; fileRef = 348BBD35CE9E77443AB397E5 /* InvoicePreviewView.swift */; };
		5B3E36C7C4F81A453DD76FB0 /* BillableApp.swift in Sources */ = {isa = PBXBuildFile; fileRef = 5120185E61165F6EB9DFFB00 /* BillableApp.swift */; };
		5C71AAA78052A9C57E4CC207 /* TimerActivityController.swift in Sources */ = {isa = PBXBuildFile; fileRef = CFAB3A0CB21692199A18C94A /* TimerActivityController.swift */; };
		6AD7D08A875EEB4A6FD4B25A /* ClientsView.swift in Sources */ = {isa = PBXBuildFile; fileRef = 724FB2203374655998BDFC2A /* ClientsView.swift */; };
		6E9C293E357F95914B8A0C56 /* BillableWidgetBundle.swift in Sources */ = {isa = PBXBuildFile; fileRef = 5BFD0B16A9AEBF1189186DEE /* BillableWidgetBundle.swift */; };
		7C2B1CE0D231A176669A8CAD /* TimelineGeometry.swift in Sources */ = {isa = PBXBuildFile; fileRef = 56AC735AE9894CA166F3F644 /* TimelineGeometry.swift */; };
		93ACAA836A659BAFF84EC508 /* AppDelegate.swift in Sources */ = {isa = PBXBuildFile; fileRef = 881EC5A08A9EBDAF0F6E586A /* AppDelegate.swift */; };
		97FBEA7B10420B0ED0942886 /* InvoiceGeneratorView.swift in Sources */ = {isa = PBXBuildFile; fileRef = 7A6E72016CCD549BFCBEBE2E /* InvoiceGeneratorView.swift */; };
		AC7E0D1860B0B7ACEB0A1F14 /* DayTimelineView.swift in Sources */ = {isa = PBXBuildFile; fileRef = 40BA4466AFACC0C783C06598 /* DayTimelineView.swift */; };
		AC9498FDD4C99CCA94517C37 /* IntentRegistration.swift in Sources */ = {isa = PBXBuildFile; fileRef = 2886369E15E77C0BF85347CE /* IntentRegistration.swift */; };
		B1FD44CA0631170789683FB8 /* BillableWidgets.appex in Embed Foundation Extensions */ = {isa = PBXBuildFile; fileRef = 3C50D41C7D1E70A67970DA90 /* BillableWidgets.appex */; settings = {ATTRIBUTES = (RemoveHeadersOnCopy, ); }; };
		BF665524A4D7640150D356DC /* BillableCore in Frameworks */ = {isa = PBXBuildFile; productRef = 395F2979670525E0A6D0127A /* BillableCore */; };
		C2262AA7F35DC1505C63AC40 /* DiagnosticsView.swift in Sources */ = {isa = PBXBuildFile; fileRef = BD383FD631A4DEA4B774CA4C /* DiagnosticsView.swift */; };
		CB24424A092E9FB3F14CCB6E /* ClientDetailView.swift in Sources */ = {isa = PBXBuildFile; fileRef = 70D5726F1FA7DA14C4B5B011 /* ClientDetailView.swift */; };
		CD8FFD9FDBE064528DE473F3 /* Billable.storekit in Resources */ = {isa = PBXBuildFile; fileRef = 21732C0D814DAE2B28FA1B62 /* Billable.storekit */; };
		CE99BEFA8F985754461255B2 /* RecurringRulesView.swift in Sources */ = {isa = PBXBuildFile; fileRef = E465117F26AD0FBA4BB72F29 /* RecurringRulesView.swift */; };
		D6C88C7178DAC48161ACBF43 /* ClientEditorView.swift in Sources */ = {isa = PBXBuildFile; fileRef = 9EF35F789A0B7D626AECE892 /* ClientEditorView.swift */; };
		E002CC9D3FAFAAFFB473954B /* OnboardingView.swift in Sources */ = {isa = PBXBuildFile; fileRef = CABC4787E325D1EE2FD16329 /* OnboardingView.swift */; };
		E0F08E2CAB6A8D93ED4BFD78 /* ReportsView.swift in Sources */ = {isa = PBXBuildFile; fileRef = AEEC7C6934436D870B713A6B /* ReportsView.swift */; };
		E39562526A4793650B561132 /* InvoiceDetailView.swift in Sources */ = {isa = PBXBuildFile; fileRef = 9F5BA9432580555D1EF5E8B6 /* InvoiceDetailView.swift */; };
		E3F06B0AA5BB6345101C9E87 /* SettingsView.swift in Sources */ = {isa = PBXBuildFile; fileRef = 95E9742504A11D397C6528B9 /* SettingsView.swift */; };
		EFAE46DE1F000F3FDD237A19 /* PaywallView.swift in Sources */ = {isa = PBXBuildFile; fileRef = 302F61C46763394ECD4E199B /* PaywallView.swift */; };
		F205361A2A1AF33476C14C76 /* ManualEntrySheet.swift in Sources */ = {isa = PBXBuildFile; fileRef = 834A2DF7B192A8F0EC56E4F7 /* ManualEntrySheet.swift */; };
		F66815EDDB470712A3D8EA6F /* InvoicesView.swift in Sources */ = {isa = PBXBuildFile; fileRef = 9F7C1CF69F915CC96EFAA000 /* InvoicesView.swift */; };
		F8B9ABD63F4371F7F28F6E3B /* Assets.xcassets in Resources */ = {isa = PBXBuildFile; fileRef = A2CB4838C74C817A55DDA825 /* Assets.xcassets */; };
/* End PBXBuildFile section */

/* Begin PBXContainerItemProxy section */
		0938A46F152A2F4088CD4CD9 /* PBXContainerItemProxy */ = {
			isa = PBXContainerItemProxy;
			containerPortal = F63FBFA597923945A79AF434 /* Project object */;
			proxyType = 1;
			remoteGlobalIDString = A1BD7ED8DCB4A78616F4856D;
			remoteInfo = BillableWidgets;
		};
		5BA5D8811F098FDACF377A2F /* PBXContainerItemProxy */ = {
			isa = PBXContainerItemProxy;
			containerPortal = F63FBFA597923945A79AF434 /* Project object */;
			proxyType = 1;
			remoteGlobalIDString = 6B38C3C1A728B9AE6959BB8F;
			remoteInfo = Billable;
		};
/* End PBXContainerItemProxy section */

/* Begin PBXCopyFilesBuildPhase section */
		6D0640D2671E8F0F194C4DA9 /* Embed Foundation Extensions */ = {
			isa = PBXCopyFilesBuildPhase;
			buildActionMask = 2147483647;
			dstPath = "";
			dstSubfolderSpec = 13;
			files = (
				B1FD44CA0631170789683FB8 /* BillableWidgets.appex in Embed Foundation Extensions */,
			);
			name = "Embed Foundation Extensions";
			runOnlyForDeploymentPostprocessing = 0;
		};
/* End PBXCopyFilesBuildPhase section */

/* Begin PBXFileReference section */
		0E47D1836002E521CEC4ABED /* TimelineScreen.swift */ = {isa = PBXFileReference; lastKnownFileType = sourcecode.swift; path = TimelineScreen.swift; sourceTree = "<group>"; };
		11AC163D4E9461A58609DA71 /* BillableWidgets.entitlements */ = {isa = PBXFileReference; lastKnownFileType = text.plist.entitlements; path = BillableWidgets.entitlements; sourceTree = "<group>"; };
		1B2EF767AE53DA0B1D6D7CB4 /* BusinessProfileEditorView.swift */ = {isa = PBXFileReference; lastKnownFileType = sourcecode.swift; path = BusinessProfileEditorView.swift; sourceTree = "<group>"; };
		21732C0D814DAE2B28FA1B62 /* Billable.storekit */ = {isa = PBXFileReference; path = Billable.storekit; sourceTree = "<group>"; };
		2886369E15E77C0BF85347CE /* IntentRegistration.swift */ = {isa = PBXFileReference; lastKnownFileType = sourcecode.swift; path = IntentRegistration.swift; sourceTree = "<group>"; };
		302F61C46763394ECD4E199B /* PaywallView.swift */ = {isa = PBXFileReference; lastKnownFileType = sourcecode.swift; path = PaywallView.swift; sourceTree = "<group>"; };
		348BBD35CE9E77443AB397E5 /* InvoicePreviewView.swift */ = {isa = PBXFileReference; lastKnownFileType = sourcecode.swift; path = InvoicePreviewView.swift; sourceTree = "<group>"; };
		3C50D41C7D1E70A67970DA90 /* BillableWidgets.appex */ = {isa = PBXFileReference; includeInIndex = 0; lastKnownFileType = "wrapper.app-extension"; path = BillableWidgets.appex; sourceTree = BUILT_PRODUCTS_DIR; };
		40BA4466AFACC0C783C06598 /* DayTimelineView.swift */ = {isa = PBXFileReference; lastKnownFileType = sourcecode.swift; path = DayTimelineView.swift; sourceTree = "<group>"; };
		43745976E9C74DF7790C99F6 /* RecurrenceEditorView.swift */ = {isa = PBXFileReference; lastKnownFileType = sourcecode.swift; path = RecurrenceEditorView.swift; sourceTree = "<group>"; };
		5120185E61165F6EB9DFFB00 /* BillableApp.swift */ = {isa = PBXFileReference; lastKnownFileType = sourcecode.swift; path = BillableApp.swift; sourceTree = "<group>"; };
		56AC735AE9894CA166F3F644 /* TimelineGeometry.swift */ = {isa = PBXFileReference; lastKnownFileType = sourcecode.swift; path = TimelineGeometry.swift; sourceTree = "<group>"; };
		591084DA183D854DBB380551 /* NotificationTapFlowUITests.swift */ = {isa = PBXFileReference; lastKnownFileType = sourcecode.swift; path = NotificationTapFlowUITests.swift; sourceTree = "<group>"; };
		5BFD0B16A9AEBF1189186DEE /* BillableWidgetBundle.swift */ = {isa = PBXFileReference; lastKnownFileType = sourcecode.swift; path = BillableWidgetBundle.swift; sourceTree = "<group>"; };
		67186A12889E18CA99C96468 /* ProjectEditorView.swift */ = {isa = PBXFileReference; lastKnownFileType = sourcecode.swift; path = ProjectEditorView.swift; sourceTree = "<group>"; };
		6B4CE4F3496BC81EE3278AA8 /* Billable.entitlements */ = {isa = PBXFileReference; lastKnownFileType = text.plist.entitlements; path = Billable.entitlements; sourceTree = "<group>"; };
		70D5726F1FA7DA14C4B5B011 /* ClientDetailView.swift */ = {isa = PBXFileReference; lastKnownFileType = sourcecode.swift; path = ClientDetailView.swift; sourceTree = "<group>"; };
		724FB2203374655998BDFC2A /* ClientsView.swift */ = {isa = PBXFileReference; lastKnownFileType = sourcecode.swift; path = ClientsView.swift; sourceTree = "<group>"; };
		768AE800926A4803021129AC /* BillableUITests.xctest */ = {isa = PBXFileReference; includeInIndex = 0; lastKnownFileType = wrapper.cfbundle; path = BillableUITests.xctest; sourceTree = BUILT_PRODUCTS_DIR; };
		784CFBF0D18A69982D67542A /* PaymentRemindersView.swift */ = {isa = PBXFileReference; lastKnownFileType = sourcecode.swift; path = PaymentRemindersView.swift; sourceTree = "<group>"; };
		7A6E72016CCD549BFCBEBE2E /* InvoiceGeneratorView.swift */ = {isa = PBXFileReference; lastKnownFileType = sourcecode.swift; path = InvoiceGeneratorView.swift; sourceTree = "<group>"; };
		803928EB045F3BBE7B115C1D /* BillableCore */ = {isa = PBXFileReference; lastKnownFileType = folder; name = BillableCore; path = Packages/BillableCore; sourceTree = SOURCE_ROOT; };
		834A2DF7B192A8F0EC56E4F7 /* ManualEntrySheet.swift */ = {isa = PBXFileReference; lastKnownFileType = sourcecode.swift; path = ManualEntrySheet.swift; sourceTree = "<group>"; };
		881EC5A08A9EBDAF0F6E586A /* AppDelegate.swift */ = {isa = PBXFileReference; lastKnownFileType = sourcecode.swift; path = AppDelegate.swift; sourceTree = "<group>"; };
		91FB284DA23487FF50AD7AFF /* TodayView.swift */ = {isa = PBXFileReference; lastKnownFileType = sourcecode.swift; path = TodayView.swift; sourceTree = "<group>"; };
		95E9742504A11D397C6528B9 /* SettingsView.swift */ = {isa = PBXFileReference; lastKnownFileType = sourcecode.swift; path = SettingsView.swift; sourceTree = "<group>"; };
		99E489F7B0F9B68D418ED560 /* LaunchTaglineUITests.swift */ = {isa = PBXFileReference; lastKnownFileType = sourcecode.swift; path = LaunchTaglineUITests.swift; sourceTree = "<group>"; };
		9EF35F789A0B7D626AECE892 /* ClientEditorView.swift */ = {isa = PBXFileReference; lastKnownFileType = sourcecode.swift; path = ClientEditorView.swift; sourceTree = "<group>"; };
		9F5BA9432580555D1EF5E8B6 /* InvoiceDetailView.swift */ = {isa = PBXFileReference; lastKnownFileType = sourcecode.swift; path = InvoiceDetailView.swift; sourceTree = "<group>"; };
		9F7C1CF69F915CC96EFAA000 /* InvoicesView.swift */ = {isa = PBXFileReference; lastKnownFileType = sourcecode.swift; path = InvoicesView.swift; sourceTree = "<group>"; };
		A2CB4838C74C817A55DDA825 /* Assets.xcassets */ = {isa = PBXFileReference; lastKnownFileType = folder.assetcatalog; path = Assets.xcassets; sourceTree = "<group>"; };
		A9B9A55293CE419E21F6C2DE /* SettingsAboutUITests.swift */ = {isa = PBXFileReference; lastKnownFileType = sourcecode.swift; path = SettingsAboutUITests.swift; sourceTree = "<group>"; };
		AE12ED25B0CCD0F3FC46F7FD /* PendingMaterializationsView.swift */ = {isa = PBXFileReference; lastKnownFileType = sourcecode.swift; path = PendingMaterializationsView.swift; sourceTree = "<group>"; };
		AEEC7C6934436D870B713A6B /* ReportsView.swift */ = {isa = PBXFileReference; lastKnownFileType = sourcecode.swift; path = ReportsView.swift; sourceTree = "<group>"; };
		BBADB4F0E80F455CCAE9BBEB /* CatchUpBanner.swift */ = {isa = PBXFileReference; lastKnownFileType = sourcecode.swift; path = CatchUpBanner.swift; sourceTree = "<group>"; };
		BD383FD631A4DEA4B774CA4C /* DiagnosticsView.swift */ = {isa = PBXFileReference; lastKnownFileType = sourcecode.swift; path = DiagnosticsView.swift; sourceTree = "<group>"; };
		BD3AC7ABEFEA2F890535AE82 /* RootView.swift */ = {isa = PBXFileReference; lastKnownFileType = sourcecode.swift; path = RootView.swift; sourceTree = "<group>"; };
		C1846D95B8BE348E4ACC1081 /* TodaySummaryWidget.swift */ = {isa = PBXFileReference; lastKnownFileType = sourcecode.swift; path = TodaySummaryWidget.swift; sourceTree = "<group>"; };
		C4E91171FBD2C8986707A0D7 /* CurrentTimerWidget.swift */ = {isa = PBXFileReference; lastKnownFileType = sourcecode.swift; path = CurrentTimerWidget.swift; sourceTree = "<group>"; };
		CABC4787E325D1EE2FD16329 /* OnboardingView.swift */ = {isa = PBXFileReference; lastKnownFileType = sourcecode.swift; path = OnboardingView.swift; sourceTree = "<group>"; };
		CFAB3A0CB21692199A18C94A /* TimerActivityController.swift */ = {isa = PBXFileReference; lastKnownFileType = sourcecode.swift; path = TimerActivityController.swift; sourceTree = "<group>"; };
		D72980328448F3925BF44ACB /* CurrencyPickerView.swift */ = {isa = PBXFileReference; lastKnownFileType = sourcecode.swift; path = CurrencyPickerView.swift; sourceTree = "<group>"; };
		DB4C0FB23F77AFC443876011 /* Assets.xcassets */ = {isa = PBXFileReference; lastKnownFileType = folder.assetcatalog; path = Assets.xcassets; sourceTree = "<group>"; };
		DBB4F85B38816D91407DAFA7 /* TimeBlockView.swift */ = {isa = PBXFileReference; lastKnownFileType = sourcecode.swift; path = TimeBlockView.swift; sourceTree = "<group>"; };
		E465117F26AD0FBA4BB72F29 /* RecurringRulesView.swift */ = {isa = PBXFileReference; lastKnownFileType = sourcecode.swift; path = RecurringRulesView.swift; sourceTree = "<group>"; };
		E613D2E8B373B5C6EDBF0A4C /* StartTimerSheet.swift */ = {isa = PBXFileReference; lastKnownFileType = sourcecode.swift; path = StartTimerSheet.swift; sourceTree = "<group>"; };
		E65B3FEDC45E06FB51538B6B /* Billable.app */ = {isa = PBXFileReference; includeInIndex = 0; lastKnownFileType = wrapper.application; path = Billable.app; sourceTree = BUILT_PRODUCTS_DIR; };
		F1CF2FCD917839FB1C1B0961 /* TimerLiveActivity.swift */ = {isa = PBXFileReference; lastKnownFileType = sourcecode.swift; path = TimerLiveActivity.swift; sourceTree = "<group>"; };
/* End PBXFileReference section */

/* Begin PBXFrameworksBuildPhase section */
		8169A520F6D0A0AD18E4BA38 /* Frameworks */ = {
			isa = PBXFrameworksBuildPhase;
			buildActionMask = 2147483647;
			files = (
				215B980EDB0C94CB3C43BDDE /* BillableCore in Frameworks */,
			);
			runOnlyForDeploymentPostprocessing = 0;
		};
		924DEBBCAFCB9996803226D7 /* Frameworks */ = {
			isa = PBXFrameworksBuildPhase;
			buildActionMask = 2147483647;
			files = (
				BF665524A4D7640150D356DC /* BillableCore in Frameworks */,
			);
			runOnlyForDeploymentPostprocessing = 0;
		};
/* End PBXFrameworksBuildPhase section */

/* Begin PBXGroup section */
		0662F4701E06673016644274 /* Intents */ = {
			isa = PBXGroup;
			children = (
				2886369E15E77C0BF85347CE /* IntentRegistration.swift */,
			);
			path = Intents;
			sourceTree = "<group>";
		};
		1B0D5A143C4A2B07733013DA /* App */ = {
			isa = PBXGroup;
			children = (
				881EC5A08A9EBDAF0F6E586A /* AppDelegate.swift */,
				5120185E61165F6EB9DFFB00 /* BillableApp.swift */,
				BD3AC7ABEFEA2F890535AE82 /* RootView.swift */,
			);
			path = App;
			sourceTree = "<group>";
		};
		2A6770CA3A7FCD3C0387DB6F /* Projects */ = {
			isa = PBXGroup;
			children = (
				67186A12889E18CA99C96468 /* ProjectEditorView.swift */,
			);
			path = Projects;
			sourceTree = "<group>";
		};
		3CBDADD652505910C0AF3D8B /* Sources */ = {
			isa = PBXGroup;
			children = (
				5BFD0B16A9AEBF1189186DEE /* BillableWidgetBundle.swift */,
				C4E91171FBD2C8986707A0D7 /* CurrentTimerWidget.swift */,
				F1CF2FCD917839FB1C1B0961 /* TimerLiveActivity.swift */,
				C1846D95B8BE348E4ACC1081 /* TodaySummaryWidget.swift */,
			);
			path = Sources;
			sourceTree = "<group>";
		};
		43DD3FEC47081880759A1474 /* Recurrence */ = {
			isa = PBXGroup;
			children = (
				BBADB4F0E80F455CCAE9BBEB /* CatchUpBanner.swift */,
				AE12ED25B0CCD0F3FC46F7FD /* PendingMaterializationsView.swift */,
				43745976E9C74DF7790C99F6 /* RecurrenceEditorView.swift */,
				E465117F26AD0FBA4BB72F29 /* RecurringRulesView.swift */,
			);
			path = Recurrence;
			sourceTree = "<group>";
		};
		58E3895D0D37E88922B9E57E /* Today */ = {
			isa = PBXGroup;
			children = (
				91FB284DA23487FF50AD7AFF /* TodayView.swift */,
			);
			path = Today;
			sourceTree = "<group>";
		};
		58F2FDEE4D962A9B42979A12 /* Packages */ = {
			isa = PBXGroup;
			children = (
				803928EB045F3BBE7B115C1D /* BillableCore */,
			);
			path = Packages;
			sourceTree = "<group>";
		};
		62004A4BE69ED4BA357EC11D /* Products */ = {
			isa = PBXGroup;
			children = (
				E65B3FEDC45E06FB51538B6B /* Billable.app */,
				768AE800926A4803021129AC /* BillableUITests.xctest */,
				3C50D41C7D1E70A67970DA90 /* BillableWidgets.appex */,
			);
			name = Products;
			sourceTree = "<group>";
		};
		6352BBD570F513F934FCA091 /* Resources */ = {
			isa = PBXGroup;
			children = (
				DB4C0FB23F77AFC443876011 /* Assets.xcassets */,
				6B4CE4F3496BC81EE3278AA8 /* Billable.entitlements */,
				21732C0D814DAE2B28FA1B62 /* Billable.storekit */,
			);
			path = Resources;
			sourceTree = "<group>";
		};
		789A72A711F4A6CCA6EE8085 /* App */ = {
			isa = PBXGroup;
			children = (
				7E01ADD86DB3FBD3BB5041B8 /* BillableUITests */,
				6352BBD570F513F934FCA091 /* Resources */,
				BD16A0569E45B706C438C43C /* Sources */,
			);
			path = App;
			sourceTree = "<group>";
		};
		7E01ADD86DB3FBD3BB5041B8 /* BillableUITests */ = {
			isa = PBXGroup;
			children = (
				99E489F7B0F9B68D418ED560 /* LaunchTaglineUITests.swift */,
				591084DA183D854DBB380551 /* NotificationTapFlowUITests.swift */,
				A9B9A55293CE419E21F6C2DE /* SettingsAboutUITests.swift */,
			);
			path = BillableUITests;
			sourceTree = "<group>";
		};
		806E19C750C06A34383B539F /* Paywall */ = {
			isa = PBXGroup;
			children = (
				302F61C46763394ECD4E199B /* PaywallView.swift */,
			);
			path = Paywall;
			sourceTree = "<group>";
		};
		8097210E0FDD6DDC6B81E5AB /* Clients */ = {
			isa = PBXGroup;
			children = (
				70D5726F1FA7DA14C4B5B011 /* ClientDetailView.swift */,
				9EF35F789A0B7D626AECE892 /* ClientEditorView.swift */,
				724FB2203374655998BDFC2A /* ClientsView.swift */,
			);
			path = Clients;
			sourceTree = "<group>";
		};
		87E370309299FFC820621BD2 /* Timer */ = {
			isa = PBXGroup;
			children = (
				834A2DF7B192A8F0EC56E4F7 /* ManualEntrySheet.swift */,
				E613D2E8B373B5C6EDBF0A4C /* StartTimerSheet.swift */,
			);
			path = Timer;
			sourceTree = "<group>";
		};
		8805F32142EF5D3676FB8705 /* Settings */ = {
			isa = PBXGroup;
			children = (
				1B2EF767AE53DA0B1D6D7CB4 /* BusinessProfileEditorView.swift */,
				D72980328448F3925BF44ACB /* CurrencyPickerView.swift */,
				BD383FD631A4DEA4B774CA4C /* DiagnosticsView.swift */,
				784CFBF0D18A69982D67542A /* PaymentRemindersView.swift */,
				95E9742504A11D397C6528B9 /* SettingsView.swift */,
			);
			path = Settings;
			sourceTree = "<group>";
		};
		89CC7F5CEA7630E592D7B62C /* LiveActivity */ = {
			isa = PBXGroup;
			children = (
				CFAB3A0CB21692199A18C94A /* TimerActivityController.swift */,
			);
			path = LiveActivity;
			sourceTree = "<group>";
		};
		92E9171082D2E347A1015AA8 /* Invoicing */ = {
			isa = PBXGroup;
			children = (
				9F5BA9432580555D1EF5E8B6 /* InvoiceDetailView.swift */,
				7A6E72016CCD549BFCBEBE2E /* InvoiceGeneratorView.swift */,
				348BBD35CE9E77443AB397E5 /* InvoicePreviewView.swift */,
				9F7C1CF69F915CC96EFAA000 /* InvoicesView.swift */,
			);
			path = Invoicing;
			sourceTree = "<group>";
		};
		977427118A5E029D84B69760 = {
			isa = PBXGroup;
			children = (
				789A72A711F4A6CCA6EE8085 /* App */,
				58F2FDEE4D962A9B42979A12 /* Packages */,
				AE18D7C2911292ED6E7122AF /* Widgets */,
				62004A4BE69ED4BA357EC11D /* Products */,
			);
			sourceTree = "<group>";
		};
		9E9B26081D6EA34767178E76 /* Timeline */ = {
			isa = PBXGroup;
			children = (
				40BA4466AFACC0C783C06598 /* DayTimelineView.swift */,
				DBB4F85B38816D91407DAFA7 /* TimeBlockView.swift */,
				56AC735AE9894CA166F3F644 /* TimelineGeometry.swift */,
				0E47D1836002E521CEC4ABED /* TimelineScreen.swift */,
			);
			path = Timeline;
			sourceTree = "<group>";
		};
		AE18D7C2911292ED6E7122AF /* Widgets */ = {
			isa = PBXGroup;
			children = (
				C5719DF68801B2C2BB88D7E7 /* Resources */,
				3CBDADD652505910C0AF3D8B /* Sources */,
			);
			path = Widgets;
			sourceTree = "<group>";
		};
		BD16A0569E45B706C438C43C /* Sources */ = {
			isa = PBXGroup;
			children = (
				1B0D5A143C4A2B07733013DA /* App */,
				F910066D040878FE8AA41098 /* Features */,
				0662F4701E06673016644274 /* Intents */,
				89CC7F5CEA7630E592D7B62C /* LiveActivity */,
			);
			path = Sources;
			sourceTree = "<group>";
		};
		C5719DF68801B2C2BB88D7E7 /* Resources */ = {
			isa = PBXGroup;
			children = (
				A2CB4838C74C817A55DDA825 /* Assets.xcassets */,
				11AC163D4E9461A58609DA71 /* BillableWidgets.entitlements */,
			);
			path = Resources;
			sourceTree = "<group>";
		};
		C5B700968A4B88B1018B5DB5 /* Reports */ = {
			isa = PBXGroup;
			children = (
				AEEC7C6934436D870B713A6B /* ReportsView.swift */,
			);
			path = Reports;
			sourceTree = "<group>";
		};
		E7845943E861805B81A6E9F0 /* Onboarding */ = {
			isa = PBXGroup;
			children = (
				CABC4787E325D1EE2FD16329 /* OnboardingView.swift */,
			);
			path = Onboarding;
			sourceTree = "<group>";
		};
		F910066D040878FE8AA41098 /* Features */ = {
			isa = PBXGroup;
			children = (
				8097210E0FDD6DDC6B81E5AB /* Clients */,
				92E9171082D2E347A1015AA8 /* Invoicing */,
				E7845943E861805B81A6E9F0 /* Onboarding */,
				806E19C750C06A34383B539F /* Paywall */,
				2A6770CA3A7FCD3C0387DB6F /* Projects */,
				43DD3FEC47081880759A1474 /* Recurrence */,
				C5B700968A4B88B1018B5DB5 /* Reports */,
				8805F32142EF5D3676FB8705 /* Settings */,
				9E9B26081D6EA34767178E76 /* Timeline */,
				87E370309299FFC820621BD2 /* Timer */,
				58E3895D0D37E88922B9E57E /* Today */,
			);
			path = Features;
			sourceTree = "<group>";
		};
/* End PBXGroup section */

/* Begin PBXNativeTarget section */
		6B38C3C1A728B9AE6959BB8F /* Billable */ = {
			isa = PBXNativeTarget;
			buildConfigurationList = BBD41EA69C77377DA90BD85B /* Build configuration list for PBXNativeTarget "Billable" */;
			buildPhases = (
				1F20BA1B55045F3D8631FCA8 /* Sources */,
				6652CD1A12232CC6ADD336BF /* Resources */,
				8169A520F6D0A0AD18E4BA38 /* Frameworks */,
				6D0640D2671E8F0F194C4DA9 /* Embed Foundation Extensions */,
			);
			buildRules = (
			);
			dependencies = (
				1C126283E1D988395B57F6BD /* PBXTargetDependency */,
			);
			name = Billable;
			packageProductDependencies = (
				3267A35D1AD7CEA36846D498 /* BillableCore */,
			);
			productName = Billable;
			productReference = E65B3FEDC45E06FB51538B6B /* Billable.app */;
			productType = "com.apple.product-type.application";
		};
		A1BD7ED8DCB4A78616F4856D /* BillableWidgets */ = {
			isa = PBXNativeTarget;
			buildConfigurationList = 83282C3373220DAAECDD1BBA /* Build configuration list for PBXNativeTarget "BillableWidgets" */;
			buildPhases = (
				73C851136839996A48DC84F4 /* Sources */,
				C252C1A25605C8315C0DC348 /* Resources */,
				924DEBBCAFCB9996803226D7 /* Frameworks */,
			);
			buildRules = (
			);
			dependencies = (
			);
			name = BillableWidgets;
			packageProductDependencies = (
				395F2979670525E0A6D0127A /* BillableCore */,
			);
			productName = BillableWidgets;
			productReference = 3C50D41C7D1E70A67970DA90 /* BillableWidgets.appex */;
			productType = "com.apple.product-type.app-extension";
		};
		D5568F0EEDE34AB9DB657870 /* BillableUITests */ = {
			isa = PBXNativeTarget;
			buildConfigurationList = 604E2964AF1D47C029D641B8 /* Build configuration list for PBXNativeTarget "BillableUITests" */;
			buildPhases = (
				9404ACFAC4CFDB7AA5899613 /* Sources */,
			);
			buildRules = (
			);
			dependencies = (
				6B0B3FB4D16C10A81ECA5AF3 /* PBXTargetDependency */,
			);
			name = BillableUITests;
			packageProductDependencies = (
			);
			productName = BillableUITests;
			productReference = 768AE800926A4803021129AC /* BillableUITests.xctest */;
			productType = "com.apple.product-type.bundle.ui-testing";
		};
/* End PBXNativeTarget section */

/* Begin PBXProject section */
		F63FBFA597923945A79AF434 /* Project object */ = {
			isa = PBXProject;
			attributes = {
				BuildIndependentTargetsInParallel = YES;
				LastUpgradeCheck = 1600;
				TargetAttributes = {
					6B38C3C1A728B9AE6959BB8F = {
						DevelopmentTeam = "";
						ProvisioningStyle = Automatic;
					};
					A1BD7ED8DCB4A78616F4856D = {
						DevelopmentTeam = "";
						ProvisioningStyle = Automatic;
					};
					D5568F0EEDE34AB9DB657870 = {
						DevelopmentTeam = "";
						ProvisioningStyle = Automatic;
						TestTargetID = 6B38C3C1A728B9AE6959BB8F;
					};
				};
			};
			buildConfigurationList = 6C0D43B61A8455AF6BF3CFE0 /* Build configuration list for PBXProject "Billable" */;
			developmentRegion = en;
			hasScannedForEncodings = 0;
			knownRegions = (
				Base,
				en,
			);
			mainGroup = 977427118A5E029D84B69760;
			minimizedProjectReferenceProxies = 1;
			packageReferences = (
				EB1FEC5FDCD2188F4A1ADA5B /* XCLocalSwiftPackageReference "Packages/BillableCore" */,
			);
			preferredProjectObjectVersion = 77;
			productRefGroup = 62004A4BE69ED4BA357EC11D /* Products */;
			projectDirPath = "";
			projectRoot = "";
			targets = (
				6B38C3C1A728B9AE6959BB8F /* Billable */,
				D5568F0EEDE34AB9DB657870 /* BillableUITests */,
				A1BD7ED8DCB4A78616F4856D /* BillableWidgets */,
			);
		};
/* End PBXProject section */

/* Begin PBXResourcesBuildPhase section */
		6652CD1A12232CC6ADD336BF /* Resources */ = {
			isa = PBXResourcesBuildPhase;
			buildActionMask = 2147483647;
			files = (
				00137A9F89BDC48EBE9DC927 /* Assets.xcassets in Resources */,
				CD8FFD9FDBE064528DE473F3 /* Billable.storekit in Resources */,
			);
			runOnlyForDeploymentPostprocessing = 0;
		};
		C252C1A25605C8315C0DC348 /* Resources */ = {
			isa = PBXResourcesBuildPhase;
			buildActionMask = 2147483647;
			files = (
				F8B9ABD63F4371F7F28F6E3B /* Assets.xcassets in Resources */,
			);
			runOnlyForDeploymentPostprocessing = 0;
		};
/* End PBXResourcesBuildPhase section */

/* Begin PBXSourcesBuildPhase section */
		1F20BA1B55045F3D8631FCA8 /* Sources */ = {
			isa = PBXSourcesBuildPhase;
			buildActionMask = 2147483647;
			files = (
				93ACAA836A659BAFF84EC508 /* AppDelegate.swift in Sources */,
				5B3E36C7C4F81A453DD76FB0 /* BillableApp.swift in Sources */,
				2D0A1664F829479F98BCF429 /* BusinessProfileEditorView.swift in Sources */,
				4AE8C117F5731A8705359060 /* CatchUpBanner.swift in Sources */,
				CB24424A092E9FB3F14CCB6E /* ClientDetailView.swift in Sources */,
				D6C88C7178DAC48161ACBF43 /* ClientEditorView.swift in Sources */,
				6AD7D08A875EEB4A6FD4B25A /* ClientsView.swift in Sources */,
				2692C3C033FE9ED0FC9435B6 /* CurrencyPickerView.swift in Sources */,
				AC7E0D1860B0B7ACEB0A1F14 /* DayTimelineView.swift in Sources */,
				C2262AA7F35DC1505C63AC40 /* DiagnosticsView.swift in Sources */,
				AC9498FDD4C99CCA94517C37 /* IntentRegistration.swift in Sources */,
				E39562526A4793650B561132 /* InvoiceDetailView.swift in Sources */,
				97FBEA7B10420B0ED0942886 /* InvoiceGeneratorView.swift in Sources */,
				54B2A96BFF44D4D7560DFFCE /* InvoicePreviewView.swift in Sources */,
				F66815EDDB470712A3D8EA6F /* InvoicesView.swift in Sources */,
				F205361A2A1AF33476C14C76 /* ManualEntrySheet.swift in Sources */,
				E002CC9D3FAFAAFFB473954B /* OnboardingView.swift in Sources */,
				49D52608F66166AA6374F027 /* PaymentRemindersView.swift in Sources */,
				EFAE46DE1F000F3FDD237A19 /* PaywallView.swift in Sources */,
				08880CCE2F89200E1C723A26 /* PendingMaterializationsView.swift in Sources */,
				45F34A925B9B048BB38C04E4 /* ProjectEditorView.swift in Sources */,
				37C6C0308B1818FF8998144D /* RecurrenceEditorView.swift in Sources */,
				CE99BEFA8F985754461255B2 /* RecurringRulesView.swift in Sources */,
				E0F08E2CAB6A8D93ED4BFD78 /* ReportsView.swift in Sources */,
				3D9972903CDABD429693066D /* RootView.swift in Sources */,
				E3F06B0AA5BB6345101C9E87 /* SettingsView.swift in Sources */,
				0778280DE88787CCB974D010 /* StartTimerSheet.swift in Sources */,
				17683A63578279729D6FFD5D /* TimeBlockView.swift in Sources */,
				7C2B1CE0D231A176669A8CAD /* TimelineGeometry.swift in Sources */,
				13F01DA09E8AAC832ACC171E /* TimelineScreen.swift in Sources */,
				5C71AAA78052A9C57E4CC207 /* TimerActivityController.swift in Sources */,
				0650D70379A6E945B693D897 /* TodayView.swift in Sources */,
			);
			runOnlyForDeploymentPostprocessing = 0;
		};
		73C851136839996A48DC84F4 /* Sources */ = {
			isa = PBXSourcesBuildPhase;
			buildActionMask = 2147483647;
			files = (
				6E9C293E357F95914B8A0C56 /* BillableWidgetBundle.swift in Sources */,
				475BB31EACE4C8818AAA73EF /* CurrentTimerWidget.swift in Sources */,
				2E4E0201847ECA7967521565 /* TimerLiveActivity.swift in Sources */,
				4028699D4BB648227DDCE1A1 /* TodaySummaryWidget.swift in Sources */,
			);
			runOnlyForDeploymentPostprocessing = 0;
		};
		9404ACFAC4CFDB7AA5899613 /* Sources */ = {
			isa = PBXSourcesBuildPhase;
			buildActionMask = 2147483647;
			files = (
				144AE35D12448F09749125F9 /* LaunchTaglineUITests.swift in Sources */,
				220427E9DC4EDF77A52184D4 /* NotificationTapFlowUITests.swift in Sources */,
				19A13F112D8EAFFECDE19C17 /* SettingsAboutUITests.swift in Sources */,
			);
			runOnlyForDeploymentPostprocessing = 0;
		};
/* End PBXSourcesBuildPhase section */

/* Begin PBXTargetDependency section */
		1C126283E1D988395B57F6BD /* PBXTargetDependency */ = {
			isa = PBXTargetDependency;
			target = A1BD7ED8DCB4A78616F4856D /* BillableWidgets */;
			targetProxy = 0938A46F152A2F4088CD4CD9 /* PBXContainerItemProxy */;
		};
		6B0B3FB4D16C10A81ECA5AF3 /* PBXTargetDependency */ = {
			isa = PBXTargetDependency;
			target = 6B38C3C1A728B9AE6959BB8F /* Billable */;
			targetProxy = 5BA5D8811F098FDACF377A2F /* PBXContainerItemProxy */;
		};
/* End PBXTargetDependency section */

/* Begin XCBuildConfiguration section */
		09C2E61C373599AC11C626D4 /* Release */ = {
			isa = XCBuildConfiguration;
			buildSettings = {
				ALWAYS_SEARCH_USER_PATHS = NO;
				CLANG_ANALYZER_NONNULL = YES;
				CLANG_ANALYZER_NUMBER_OBJECT_CONVERSION = YES_AGGRESSIVE;
				CLANG_CXX_LANGUAGE_STANDARD = "gnu++14";
				CLANG_CXX_LIBRARY = "libc++";
				CLANG_ENABLE_MODULES = YES;
				CLANG_ENABLE_OBJC_ARC = YES;
				CLANG_ENABLE_OBJC_WEAK = YES;
				CLANG_WARN_BLOCK_CAPTURE_AUTORELEASING = YES;
				CLANG_WARN_BOOL_CONVERSION = YES;
				CLANG_WARN_COMMA = YES;
				CLANG_WARN_CONSTANT_CONVERSION = YES;
				CLANG_WARN_DEPRECATED_OBJC_IMPLEMENTATIONS = YES;
				CLANG_WARN_DIRECT_OBJC_ISA_USAGE = YES_ERROR;
				CLANG_WARN_DOCUMENTATION_COMMENTS = YES;
				CLANG_WARN_EMPTY_BODY = YES;
				CLANG_WARN_ENUM_CONVERSION = YES;
				CLANG_WARN_INFINITE_RECURSION = YES;
				CLANG_WARN_INT_CONVERSION = YES;
				CLANG_WARN_NON_LITERAL_NULL_CONVERSION = YES;
				CLANG_WARN_OBJC_IMPLICIT_RETAIN_SELF = YES;
				CLANG_WARN_OBJC_LITERAL_CONVERSION = YES;
				CLANG_WARN_OBJC_ROOT_CLASS = YES_ERROR;
				CLANG_WARN_QUOTED_INCLUDE_IN_FRAMEWORK_HEADER = YES;
				CLANG_WARN_RANGE_LOOP_ANALYSIS = YES;
				CLANG_WARN_STRICT_PROTOTYPES = YES;
				CLANG_WARN_SUSPICIOUS_MOVE = YES;
				CLANG_WARN_UNGUARDED_AVAILABILITY = YES_AGGRESSIVE;
				CLANG_WARN_UNREACHABLE_CODE = YES;
				CLANG_WARN__DUPLICATE_METHOD_MATCH = YES;
				CODE_SIGN_STYLE = Automatic;
				COPY_PHASE_STRIP = NO;
				DEBUG_INFORMATION_FORMAT = "dwarf-with-dsym";
				DEVELOPMENT_TEAM = "";
				ENABLE_NS_ASSERTIONS = NO;
				ENABLE_STRICT_OBJC_MSGSEND = YES;
				ENABLE_USER_SCRIPT_SANDBOXING = YES;
				GCC_C_LANGUAGE_STANDARD = gnu11;
				GCC_NO_COMMON_BLOCKS = YES;
				GCC_PREPROCESSOR_DEFINITIONS = (
					"$(inherited)",
				);
				GCC_WARN_64_TO_32_BIT_CONVERSION = YES;
				GCC_WARN_ABOUT_RETURN_TYPE = YES_ERROR;
				GCC_WARN_UNDECLARED_SELECTOR = YES;
				GCC_WARN_UNINITIALIZED_AUTOS = YES_AGGRESSIVE;
				GCC_WARN_UNUSED_FUNCTION = YES;
				GCC_WARN_UNUSED_VARIABLE = YES;
				IPHONEOS_DEPLOYMENT_TARGET = 17.0;
				MTL_ENABLE_DEBUG_INFO = NO;
				MTL_FAST_MATH = YES;
				OTHER_SWIFT_FLAGS = "$(inherited) -enable-upcoming-feature ExistentialAny";
				PRODUCT_NAME = "$(TARGET_NAME)";
				SDKROOT = iphoneos;
				SWIFT_COMPILATION_MODE = wholemodule;
				SWIFT_OPTIMIZATION_LEVEL = "-O";
				SWIFT_STRICT_CONCURRENCY = complete;
				SWIFT_VERSION = 6.0;
				WATCHOS_DEPLOYMENT_TARGET = 10.0;
			};
			name = Release;
		};
		7AD582B26A82367C58FF2D8A /* Debug */ = {
			isa = XCBuildConfiguration;
			buildSettings = {
				ASSETCATALOG_COMPILER_APPICON_NAME = AppIcon;
				ASSETCATALOG_COMPILER_GLOBAL_ACCENT_COLOR_NAME = AccentColor;
				CODE_SIGN_ENTITLEMENTS = App/Resources/Billable.entitlements;
				CODE_SIGN_IDENTITY = "iPhone Developer";
				CURRENT_PROJECT_VERSION = 1;
				ENABLE_PREVIEWS = YES;
				GENERATE_INFOPLIST_FILE = YES;
				INFOPLIST_KEY_CFBundleDisplayName = Cadence;
				INFOPLIST_KEY_ITSAppUsesNonExemptEncryption = NO;
				INFOPLIST_KEY_NSSupportsLiveActivities = YES;
				INFOPLIST_KEY_UIApplicationSceneManifest_Generation = YES;
				INFOPLIST_KEY_UILaunchScreen_Generation = YES;
				INFOPLIST_KEY_UISupportedInterfaceOrientations = UIInterfaceOrientationPortrait;
				INFOPLIST_KEY_UISupportedInterfaceOrientations_iPad = (
					UIInterfaceOrientationPortrait,
					UIInterfaceOrientationPortraitUpsideDown,
					UIInterfaceOrientationLandscapeLeft,
					UIInterfaceOrientationLandscapeRight,
				);
				IPHONEOS_DEPLOYMENT_TARGET = 17.0;
				LD_RUNPATH_SEARCH_PATHS = (
					"$(inherited)",
					"@executable_path/Frameworks",
				);
				MARKETING_VERSION = 1.3.0;
				PRODUCT_BUNDLE_IDENTIFIER = com.eldenstudios.billable;
				PRODUCT_NAME = Billable;
				SDKROOT = iphoneos;
				SUPPORTS_MACCATALYST = NO;
				TARGETED_DEVICE_FAMILY = "1,2";
			};
			name = Debug;
		};
		83C17468DADA4A5071ADB31D /* Release */ = {
			isa = XCBuildConfiguration;
			buildSettings = {
				ASSETCATALOG_COMPILER_APPICON_NAME = AppIcon;
				ASSETCATALOG_COMPILER_GLOBAL_ACCENT_COLOR_NAME = AccentColor;
				CODE_SIGN_ENTITLEMENTS = Widgets/Resources/BillableWidgets.entitlements;
				CURRENT_PROJECT_VERSION = 1;
				GENERATE_INFOPLIST_FILE = NO;
				INFOPLIST_FILE = Widgets/Resources/Info.plist;
				IPHONEOS_DEPLOYMENT_TARGET = 17.0;
				LD_RUNPATH_SEARCH_PATHS = (
					"$(inherited)",
					"@executable_path/Frameworks",
					"@executable_path/../../Frameworks",
				);
				MARKETING_VERSION = 1.3.0;
				PRODUCT_BUNDLE_IDENTIFIER = com.eldenstudios.billable.widgets;
				PRODUCT_NAME = BillableWidgets;
				SDKROOT = iphoneos;
				SKIP_INSTALL = YES;
				TARGETED_DEVICE_FAMILY = "1,2";
			};
			name = Release;
		};
		AF29697997A03641F644E0D0 /* Debug */ = {
			isa = XCBuildConfiguration;
			buildSettings = {
				ALWAYS_SEARCH_USER_PATHS = NO;
				CLANG_ANALYZER_NONNULL = YES;
				CLANG_ANALYZER_NUMBER_OBJECT_CONVERSION = YES_AGGRESSIVE;
				CLANG_CXX_LANGUAGE_STANDARD = "gnu++14";
				CLANG_CXX_LIBRARY = "libc++";
				CLANG_ENABLE_MODULES = YES;
				CLANG_ENABLE_OBJC_ARC = YES;
				CLANG_ENABLE_OBJC_WEAK = YES;
				CLANG_WARN_BLOCK_CAPTURE_AUTORELEASING = YES;
				CLANG_WARN_BOOL_CONVERSION = YES;
				CLANG_WARN_COMMA = YES;
				CLANG_WARN_CONSTANT_CONVERSION = YES;
				CLANG_WARN_DEPRECATED_OBJC_IMPLEMENTATIONS = YES;
				CLANG_WARN_DIRECT_OBJC_ISA_USAGE = YES_ERROR;
				CLANG_WARN_DOCUMENTATION_COMMENTS = YES;
				CLANG_WARN_EMPTY_BODY = YES;
				CLANG_WARN_ENUM_CONVERSION = YES;
				CLANG_WARN_INFINITE_RECURSION = YES;
				CLANG_WARN_INT_CONVERSION = YES;
				CLANG_WARN_NON_LITERAL_NULL_CONVERSION = YES;
				CLANG_WARN_OBJC_IMPLICIT_RETAIN_SELF = YES;
				CLANG_WARN_OBJC_LITERAL_CONVERSION = YES;
				CLANG_WARN_OBJC_ROOT_CLASS = YES_ERROR;
				CLANG_WARN_QUOTED_INCLUDE_IN_FRAMEWORK_HEADER = YES;
				CLANG_WARN_RANGE_LOOP_ANALYSIS = YES;
				CLANG_WARN_STRICT_PROTOTYPES = YES;
				CLANG_WARN_SUSPICIOUS_MOVE = YES;
				CLANG_WARN_UNGUARDED_AVAILABILITY = YES_AGGRESSIVE;
				CLANG_WARN_UNREACHABLE_CODE = YES;
				CLANG_WARN__DUPLICATE_METHOD_MATCH = YES;
				CODE_SIGN_STYLE = Automatic;
				COPY_PHASE_STRIP = NO;
				DEBUG_INFORMATION_FORMAT = dwarf;
				DEVELOPMENT_TEAM = "";
				ENABLE_STRICT_OBJC_MSGSEND = YES;
				ENABLE_TESTABILITY = YES;
				ENABLE_USER_SCRIPT_SANDBOXING = YES;
				GCC_C_LANGUAGE_STANDARD = gnu11;
				GCC_DYNAMIC_NO_PIC = NO;
				GCC_NO_COMMON_BLOCKS = YES;
				GCC_OPTIMIZATION_LEVEL = 0;
				GCC_PREPROCESSOR_DEFINITIONS = (
					"DEBUG=1",
					"$(inherited)",
				);
				GCC_WARN_64_TO_32_BIT_CONVERSION = YES;
				GCC_WARN_ABOUT_RETURN_TYPE = YES_ERROR;
				GCC_WARN_UNDECLARED_SELECTOR = YES;
				GCC_WARN_UNINITIALIZED_AUTOS = YES_AGGRESSIVE;
				GCC_WARN_UNUSED_FUNCTION = YES;
				GCC_WARN_UNUSED_VARIABLE = YES;
				IPHONEOS_DEPLOYMENT_TARGET = 17.0;
				MTL_ENABLE_DEBUG_INFO = INCLUDE_SOURCE;
				MTL_FAST_MATH = YES;
				ONLY_ACTIVE_ARCH = YES;
				OTHER_SWIFT_FLAGS = "$(inherited) -enable-upcoming-feature ExistentialAny";
				PRODUCT_NAME = "$(TARGET_NAME)";
				SDKROOT = iphoneos;
				SWIFT_ACTIVE_COMPILATION_CONDITIONS = DEBUG;
				SWIFT_OPTIMIZATION_LEVEL = "-Onone";
				SWIFT_STRICT_CONCURRENCY = complete;
				SWIFT_VERSION = 6.0;
				WATCHOS_DEPLOYMENT_TARGET = 10.0;
			};
			name = Debug;
		};
		B5B35C29B4A65187ECDE6CA9 /* Release */ = {
			isa = XCBuildConfiguration;
			buildSettings = {
				ASSETCATALOG_COMPILER_APPICON_NAME = AppIcon;
				ASSETCATALOG_COMPILER_GLOBAL_ACCENT_COLOR_NAME = AccentColor;
				CODE_SIGN_ENTITLEMENTS = App/Resources/Billable.entitlements;
				CODE_SIGN_IDENTITY = "iPhone Developer";
				CURRENT_PROJECT_VERSION = 1;
				ENABLE_PREVIEWS = YES;
				GENERATE_INFOPLIST_FILE = YES;
				INFOPLIST_KEY_CFBundleDisplayName = Cadence;
				INFOPLIST_KEY_ITSAppUsesNonExemptEncryption = NO;
				INFOPLIST_KEY_NSSupportsLiveActivities = YES;
				INFOPLIST_KEY_UIApplicationSceneManifest_Generation = YES;
				INFOPLIST_KEY_UILaunchScreen_Generation = YES;
				INFOPLIST_KEY_UISupportedInterfaceOrientations = UIInterfaceOrientationPortrait;
				INFOPLIST_KEY_UISupportedInterfaceOrientations_iPad = (
					UIInterfaceOrientationPortrait,
					UIInterfaceOrientationPortraitUpsideDown,
					UIInterfaceOrientationLandscapeLeft,
					UIInterfaceOrientationLandscapeRight,
				);
				IPHONEOS_DEPLOYMENT_TARGET = 17.0;
				LD_RUNPATH_SEARCH_PATHS = (
					"$(inherited)",
					"@executable_path/Frameworks",
				);
				MARKETING_VERSION = 1.3.0;
				PRODUCT_BUNDLE_IDENTIFIER = com.eldenstudios.billable;
				PRODUCT_NAME = Billable;
				SDKROOT = iphoneos;
				SUPPORTS_MACCATALYST = NO;
				TARGETED_DEVICE_FAMILY = "1,2";
			};
			name = Release;
		};
		CF0905C08955AD93D6D2C69E /* Release */ = {
			isa = XCBuildConfiguration;
			buildSettings = {
				BUNDLE_LOADER = "$(TEST_HOST)";
				GENERATE_INFOPLIST_FILE = YES;
				IPHONEOS_DEPLOYMENT_TARGET = 17.0;
				LD_RUNPATH_SEARCH_PATHS = (
					"$(inherited)",
					"@executable_path/Frameworks",
					"@loader_path/Frameworks",
				);
				PRODUCT_BUNDLE_IDENTIFIER = com.eldenstudios.billable.uitests;
				SDKROOT = iphoneos;
				TARGETED_DEVICE_FAMILY = "1,2";
				TEST_TARGET_NAME = Billable;
			};
			name = Release;
		};
		E729BD6BA09B5A7A4E41892B /* Debug */ = {
			isa = XCBuildConfiguration;
			buildSettings = {
				BUNDLE_LOADER = "$(TEST_HOST)";
				GENERATE_INFOPLIST_FILE = YES;
				IPHONEOS_DEPLOYMENT_TARGET = 17.0;
				LD_RUNPATH_SEARCH_PATHS = (
					"$(inherited)",
					"@executable_path/Frameworks",
					"@loader_path/Frameworks",
				);
				PRODUCT_BUNDLE_IDENTIFIER = com.eldenstudios.billable.uitests;
				SDKROOT = iphoneos;
				TARGETED_DEVICE_FAMILY = "1,2";
				TEST_TARGET_NAME = Billable;
			};
			name = Debug;
		};
		FB78806082AFD5B966E57AA4 /* Debug */ = {
			isa = XCBuildConfiguration;
			buildSettings = {
				ASSETCATALOG_COMPILER_APPICON_NAME = AppIcon;
				ASSETCATALOG_COMPILER_GLOBAL_ACCENT_COLOR_NAME = AccentColor;
				CODE_SIGN_ENTITLEMENTS = Widgets/Resources/BillableWidgets.entitlements;
				CURRENT_PROJECT_VERSION = 1;
				GENERATE_INFOPLIST_FILE = NO;
				INFOPLIST_FILE = Widgets/Resources/Info.plist;
				IPHONEOS_DEPLOYMENT_TARGET = 17.0;
				LD_RUNPATH_SEARCH_PATHS = (
					"$(inherited)",
					"@executable_path/Frameworks",
					"@executable_path/../../Frameworks",
				);
				MARKETING_VERSION = 1.3.0;
				PRODUCT_BUNDLE_IDENTIFIER = com.eldenstudios.billable.widgets;
				PRODUCT_NAME = BillableWidgets;
				SDKROOT = iphoneos;
				SKIP_INSTALL = YES;
				TARGETED_DEVICE_FAMILY = "1,2";
			};
			name = Debug;
		};
/* End XCBuildConfiguration section */

/* Begin XCConfigurationList section */
		604E2964AF1D47C029D641B8 /* Build configuration list for PBXNativeTarget "BillableUITests" */ = {
			isa = XCConfigurationList;
			buildConfigurations = (
				E729BD6BA09B5A7A4E41892B /* Debug */,
				CF0905C08955AD93D6D2C69E /* Release */,
			);
			defaultConfigurationIsVisible = 0;
			defaultConfigurationName = Debug;
		};
		6C0D43B61A8455AF6BF3CFE0 /* Build configuration list for PBXProject "Billable" */ = {
			isa = XCConfigurationList;
			buildConfigurations = (
				AF29697997A03641F644E0D0 /* Debug */,
				09C2E61C373599AC11C626D4 /* Release */,
			);
			defaultConfigurationIsVisible = 0;
			defaultConfigurationName = Debug;
		};
		83282C3373220DAAECDD1BBA /* Build configuration list for PBXNativeTarget "BillableWidgets" */ = {
			isa = XCConfigurationList;
			buildConfigurations = (
				FB78806082AFD5B966E57AA4 /* Debug */,
				83C17468DADA4A5071ADB31D /* Release */,
			);
			defaultConfigurationIsVisible = 0;
			defaultConfigurationName = Debug;
		};
		BBD41EA69C77377DA90BD85B /* Build configuration list for PBXNativeTarget "Billable" */ = {
			isa = XCConfigurationList;
			buildConfigurations = (
				7AD582B26A82367C58FF2D8A /* Debug */,
				B5B35C29B4A65187ECDE6CA9 /* Release */,
			);
			defaultConfigurationIsVisible = 0;
			defaultConfigurationName = Debug;
		};
/* End XCConfigurationList section */

/* Begin XCLocalSwiftPackageReference section */
		EB1FEC5FDCD2188F4A1ADA5B /* XCLocalSwiftPackageReference "Packages/BillableCore" */ = {
			isa = XCLocalSwiftPackageReference;
			relativePath = Packages/BillableCore;
		};
/* End XCLocalSwiftPackageReference section */

/* Begin XCSwiftPackageProductDependency section */
		3267A35D1AD7CEA36846D498 /* BillableCore */ = {
			isa = XCSwiftPackageProductDependency;
			productName = BillableCore;
		};
		395F2979670525E0A6D0127A /* BillableCore */ = {
			isa = XCSwiftPackageProductDependency;
			productName = BillableCore;
		};
/* End XCSwiftPackageProductDependency section */
	};
	rootObject = F63FBFA597923945A79AF434 /* Project object */;
}
